// !$*UTF8*$!
{
	archiveVersion = 1;
	classes = {
	};
	objectVersion = 46;
	objects = {

/* Begin PBXBuildFile section */
		3302077B1A9B1CEA00B233F3 /* MessageTableViewController.swift in Sources */ = {isa = PBXBuildFile; fileRef = 3302077A1A9B1CEA00B233F3 /* MessageTableViewController.swift */; };
		330207821A9B1D2F00B233F3 /* MessageTableViewCell.swift in Sources */ = {isa = PBXBuildFile; fileRef = 330207801A9B1D2F00B233F3 /* MessageTableViewCell.swift */; };
		330207831A9B1D2F00B233F3 /* MessageTableViewCell.xib in Resources */ = {isa = PBXBuildFile; fileRef = 330207811A9B1D2F00B233F3 /* MessageTableViewCell.xib */; };
		330207871A9B1D6600B233F3 /* MessageCell.swift in Sources */ = {isa = PBXBuildFile; fileRef = 330207861A9B1D6600B233F3 /* MessageCell.swift */; };
		330E82E81AA9DA2D00014A8E /* CalenderHandler.swift in Sources */ = {isa = PBXBuildFile; fileRef = 330E82E71AA9DA2D00014A8E /* CalenderHandler.swift */; };
		330E82EB1AA9DB3800014A8E /* EventKit.framework in Frameworks */ = {isa = PBXBuildFile; fileRef = 330E82E91AA9DB3800014A8E /* EventKit.framework */; };
		330E82EC1AA9DB3800014A8E /* EventKitUI.framework in Frameworks */ = {isa = PBXBuildFile; fileRef = 330E82EA1AA9DB3800014A8E /* EventKitUI.framework */; };
		331043401A945BB100093EAF /* buddy.jpg in Resources */ = {isa = PBXBuildFile; fileRef = 3310433D1A945BB100093EAF /* buddy.jpg */; };
		331043411A945BB100093EAF /* running.jpg in Resources */ = {isa = PBXBuildFile; fileRef = 3310433E1A945BB100093EAF /* running.jpg */; };
		331043421A945BB100093EAF /* window.jpg in Resources */ = {isa = PBXBuildFile; fileRef = 3310433F1A945BB100093EAF /* window.jpg */; };
		3317691A1A9B47FA002EB2F6 /* DialogViewController.swift in Sources */ = {isa = PBXBuildFile; fileRef = 331769191A9B47FA002EB2F6 /* DialogViewController.swift */; };
		33219CC91AA5684900DE8DFA /* ExperienceTViewCell.swift in Sources */ = {isa = PBXBuildFile; fileRef = 33219CC71AA5684900DE8DFA /* ExperienceTViewCell.swift */; };
		33219CCA1AA5684900DE8DFA /* ExperienceTViewCell.xib in Resources */ = {isa = PBXBuildFile; fileRef = 33219CC81AA5684900DE8DFA /* ExperienceTViewCell.xib */; };
		3321E0211AA450840057683D /* RecommendationTableVC.swift in Sources */ = {isa = PBXBuildFile; fileRef = 3321E0201AA450840057683D /* RecommendationTableVC.swift */; };
		332A29161A998CD9006795CF /* Social.framework in Frameworks */ = {isa = PBXBuildFile; fileRef = 332A29151A998CD9006795CF /* Social.framework */; };
		333912871AA0128B00C28ACE /* Thumbnail.swift in Sources */ = {isa = PBXBuildFile; fileRef = 333912861AA0128B00C28ACE /* Thumbnail.swift */; };
		333AA16E1AAAA56E00DB5648 /* Vector.swift in Sources */ = {isa = PBXBuildFile; fileRef = 333AA1691AAAA56D00DB5648 /* Vector.swift */; };
		333AA16F1AAAA56E00DB5648 /* Activity.swift in Sources */ = {isa = PBXBuildFile; fileRef = 333AA16A1AAAA56D00DB5648 /* Activity.swift */; };
		333AA1701AAAA56E00DB5648 /* Dialog.swift in Sources */ = {isa = PBXBuildFile; fileRef = 333AA16B1AAAA56E00DB5648 /* Dialog.swift */; };
		333AA1711AAAA56E00DB5648 /* Message.swift in Sources */ = {isa = PBXBuildFile; fileRef = 333AA16C1AAAA56E00DB5648 /* Message.swift */; };
		333AA1721AAAA56E00DB5648 /* User.swift in Sources */ = {isa = PBXBuildFile; fileRef = 333AA16D1AAAA56E00DB5648 /* User.swift */; };
		333AA1741AAAA57D00DB5648 /* ActivityViewController.swift in Sources */ = {isa = PBXBuildFile; fileRef = 333AA1731AAAA57D00DB5648 /* ActivityViewController.swift */; };
		333AA1761AAAA5B300DB5648 /* FollowerCollectionVC.swift in Sources */ = {isa = PBXBuildFile; fileRef = 333AA1751AAAA5B300DB5648 /* FollowerCollectionVC.swift */; };
		333AA1781AAAA5C200DB5648 /* CreateNewExperienceViewController.swift in Sources */ = {isa = PBXBuildFile; fileRef = 333AA1771AAAA5C200DB5648 /* CreateNewExperienceViewController.swift */; };
		333AA17A1AAAA5DB00DB5648 /* FriendDetailViewController.swift in Sources */ = {isa = PBXBuildFile; fileRef = 333AA1791AAAA5DB00DB5648 /* FriendDetailViewController.swift */; };
		333AA17D1AAAA5F600DB5648 /* Experience.swift in Sources */ = {isa = PBXBuildFile; fileRef = 333AA17B1AAAA5F600DB5648 /* Experience.swift */; };
		333AA17E1AAAA5F600DB5648 /* ExperienceTableVC.swift in Sources */ = {isa = PBXBuildFile; fileRef = 333AA17C1AAAA5F600DB5648 /* ExperienceTableVC.swift */; };
		333AA1811AAAA66100DB5648 /* LogonViewController.swift in Sources */ = {isa = PBXBuildFile; fileRef = 333AA1801AAAA66100DB5648 /* LogonViewController.swift */; };
		333AA1871AAAA6CE00DB5648 /* ParentActivityOverviewTVC.swift in Sources */ = {isa = PBXBuildFile; fileRef = 333AA1851AAAA6CE00DB5648 /* ParentActivityOverviewTVC.swift */; };
		333AA1881AAAA6CE00DB5648 /* ParentActivityVC.swift in Sources */ = {isa = PBXBuildFile; fileRef = 333AA1861AAAA6CE00DB5648 /* ParentActivityVC.swift */; };
		333AA18A1AAAA77900DB5648 /* ActivityOverViewTableViewController.swift in Sources */ = {isa = PBXBuildFile; fileRef = 333AA1891AAAA77900DB5648 /* ActivityOverViewTableViewController.swift */; };
		333AA18F1AAAA7E600DB5648 /* CreateActivityViewController.swift in Sources */ = {isa = PBXBuildFile; fileRef = 333AA18B1AAAA7E600DB5648 /* CreateActivityViewController.swift */; };
		333AA1901AAAA7E600DB5648 /* FriendOverviewTableVC.swift in Sources */ = {isa = PBXBuildFile; fileRef = 333AA18C1AAAA7E600DB5648 /* FriendOverviewTableVC.swift */; };
		333AA1911AAAA7E600DB5648 /* OrganizationActivityViewController.swift in Sources */ = {isa = PBXBuildFile; fileRef = 333AA18D1AAAA7E600DB5648 /* OrganizationActivityViewController.swift */; };
		333AA1921AAAA7E600DB5648 /* OrganiztionActivityOverviewTVC.swift in Sources */ = {isa = PBXBuildFile; fileRef = 333AA18E1AAAA7E600DB5648 /* OrganiztionActivityOverviewTVC.swift */; };
		333AA1951AAAA80E00DB5648 /* PosterCollectionViewController.swift in Sources */ = {isa = PBXBuildFile; fileRef = 333AA1931AAAA80E00DB5648 /* PosterCollectionViewController.swift */; };
		333AA1961AAAA80E00DB5648 /* PosterDetailViewController.swift in Sources */ = {isa = PBXBuildFile; fileRef = 333AA1941AAAA80E00DB5648 /* PosterDetailViewController.swift */; };
		333AA1981AAAA82A00DB5648 /* Poster.swift in Sources */ = {isa = PBXBuildFile; fileRef = 333AA1971AAAA82A00DB5648 /* Poster.swift */; };
		333AA19A1AAAA84000DB5648 /* VectorHandler.swift in Sources */ = {isa = PBXBuildFile; fileRef = 333AA1991AAAA84000DB5648 /* VectorHandler.swift */; };
		33467A8D1A94766D00E8749C /* minion.jpg in Resources */ = {isa = PBXBuildFile; fileRef = 33467A8C1A94766D00E8749C /* minion.jpg */; };
		334B52A61A9D588F00562580 /* Form.xib in Resources */ = {isa = PBXBuildFile; fileRef = 334B52A51A9D588F00562580 /* Form.xib */; };
		335B97951A9731E800A17DDD /* CoreLocation.framework in Frameworks */ = {isa = PBXBuildFile; fileRef = 335B97941A9731E800A17DDD /* CoreLocation.framework */; };
		335B97971A97320900A17DDD /* IBeaconViewController.swift in Sources */ = {isa = PBXBuildFile; fileRef = 335B97961A97320900A17DDD /* IBeaconViewController.swift */; };
		335B97991A9732BB00A17DDD /* CoreBluetooth.framework in Frameworks */ = {isa = PBXBuildFile; fileRef = 335B97981A9732BB00A17DDD /* CoreBluetooth.framework */; };
		3365B4FB1A94C7660028325B /* PosterCellCollectionViewCell.swift in Sources */ = {isa = PBXBuildFile; fileRef = 3365B4F91A94C7660028325B /* PosterCellCollectionViewCell.swift */; };
		3365B4FC1A94C7660028325B /* PosterCellCollectionViewCell.xib in Resources */ = {isa = PBXBuildFile; fileRef = 3365B4FA1A94C7660028325B /* PosterCellCollectionViewCell.xib */; };
		3373F0351A9869720082D2B0 /* Main.storyboard in Resources */ = {isa = PBXBuildFile; fileRef = 3373F0331A9869720082D2B0 /* Main.storyboard */; };
		3376CEDF1AA34BCC00910D82 /* FriendTableCell.swift in Sources */ = {isa = PBXBuildFile; fileRef = 3376CEDD1AA34BCC00910D82 /* FriendTableCell.swift */; };
		3376CEE01AA34BCC00910D82 /* FriendTableCell.xib in Resources */ = {isa = PBXBuildFile; fileRef = 3376CEDE1AA34BCC00910D82 /* FriendTableCell.xib */; };
		337786641A9C0DFA004D0093 /* ActivityOverViewTableViewCell.swift in Sources */ = {isa = PBXBuildFile; fileRef = 337786621A9C0DFA004D0093 /* ActivityOverViewTableViewCell.swift */; };
		337786651A9C0DFA004D0093 /* ActivityOverViewTableViewCell.xib in Resources */ = {isa = PBXBuildFile; fileRef = 337786631A9C0DFA004D0093 /* ActivityOverViewTableViewCell.xib */; };
		337786681A9C0FE1004D0093 /* Bolts.framework in Frameworks */ = {isa = PBXBuildFile; fileRef = 337786661A9C0FE1004D0093 /* Bolts.framework */; };
		337786691A9C0FE1004D0093 /* Parse.framework in Frameworks */ = {isa = PBXBuildFile; fileRef = 337786671A9C0FE1004D0093 /* Parse.framework */; };
		3377866B1A9C106A004D0093 /* AudioToolbox.framework in Frameworks */ = {isa = PBXBuildFile; fileRef = 3377866A1A9C106A004D0093 /* AudioToolbox.framework */; };
		3377866D1A9C1071004D0093 /* CFNetwork.framework in Frameworks */ = {isa = PBXBuildFile; fileRef = 3377866C1A9C1071004D0093 /* CFNetwork.framework */; };
		3377866F1A9C1078004D0093 /* CoreGraphics.framework in Frameworks */ = {isa = PBXBuildFile; fileRef = 3377866E1A9C1078004D0093 /* CoreGraphics.framework */; };
		337786711A9C1080004D0093 /* MobileCoreServices.framework in Frameworks */ = {isa = PBXBuildFile; fileRef = 337786701A9C1080004D0093 /* MobileCoreServices.framework */; };
		337786731A9C1088004D0093 /* QuartzCore.framework in Frameworks */ = {isa = PBXBuildFile; fileRef = 337786721A9C1088004D0093 /* QuartzCore.framework */; };
		337786751A9C108E004D0093 /* Security.framework in Frameworks */ = {isa = PBXBuildFile; fileRef = 337786741A9C108E004D0093 /* Security.framework */; };
		337786771A9C1094004D0093 /* StoreKit.framework in Frameworks */ = {isa = PBXBuildFile; fileRef = 337786761A9C1094004D0093 /* StoreKit.framework */; };
		337786791A9C109C004D0093 /* SystemConfiguration.framework in Frameworks */ = {isa = PBXBuildFile; fileRef = 337786781A9C109C004D0093 /* SystemConfiguration.framework */; };
		3377867B1A9C10A4004D0093 /* libz.dylib in Frameworks */ = {isa = PBXBuildFile; fileRef = 3377867A1A9C10A4004D0093 /* libz.dylib */; };
		3377867D1A9C10AC004D0093 /* libsqlite3.dylib in Frameworks */ = {isa = PBXBuildFile; fileRef = 3377867C1A9C10AC004D0093 /* libsqlite3.dylib */; };
		338B1B941AA04CF6008F67A1 /* StartDialogViewController.swift in Sources */ = {isa = PBXBuildFile; fileRef = 338B1B931AA04CF6008F67A1 /* StartDialogViewController.swift */; };
		339655CA1AA16ED400C1388C /* ThumbnailForUserCVCell.swift in Sources */ = {isa = PBXBuildFile; fileRef = 339655C81AA16ED400C1388C /* ThumbnailForUserCVCell.swift */; };
		339655CB1AA16ED400C1388C /* ThumbnailForUserCVCell.xib in Resources */ = {isa = PBXBuildFile; fileRef = 339655C91AA16ED400C1388C /* ThumbnailForUserCVCell.xib */; };
		339F9B4B1A95E4B60004A7DB /* DialogCell.swift in Sources */ = {isa = PBXBuildFile; fileRef = 339F9B491A95E4B60004A7DB /* DialogCell.swift */; };
		339F9B4C1A95E4B60004A7DB /* DialogCell.xib in Resources */ = {isa = PBXBuildFile; fileRef = 339F9B4A1A95E4B60004A7DB /* DialogCell.xib */; };
		339F9B501A95E7600004A7DB /* DialogHistoryViewController.swift in Sources */ = {isa = PBXBuildFile; fileRef = 339F9B4F1A95E7600004A7DB /* DialogHistoryViewController.swift */; };
		33B77DD81A937689008E70DF /* AppDelegate.swift in Sources */ = {isa = PBXBuildFile; fileRef = 33B77DD71A937689008E70DF /* AppDelegate.swift */; };
		33B77DDB1A937689008E70DF /* Bridge.xcdatamodeld in Sources */ = {isa = PBXBuildFile; fileRef = 33B77DD91A937689008E70DF /* Bridge.xcdatamodeld */; };
		33B77DE21A937689008E70DF /* Images.xcassets in Resources */ = {isa = PBXBuildFile; fileRef = 33B77DE11A937689008E70DF /* Images.xcassets */; };
		33B77DE51A937689008E70DF /* LaunchScreen.xib in Resources */ = {isa = PBXBuildFile; fileRef = 33B77DE31A937689008E70DF /* LaunchScreen.xib */; };
		33B77DF11A937689008E70DF /* BridgeTests.swift in Sources */ = {isa = PBXBuildFile; fileRef = 33B77DF01A937689008E70DF /* BridgeTests.swift */; };
		33BBD6171A95A176005F1FB0 /* CameraViewController.swift in Sources */ = {isa = PBXBuildFile; fileRef = 33BBD6161A95A176005F1FB0 /* CameraViewController.swift */; };
		33D5B27B1A9AF3BA00E68CE2 /* CategoryTableViewController.swift in Sources */ = {isa = PBXBuildFile; fileRef = 33D5B27A1A9AF3BA00E68CE2 /* CategoryTableViewController.swift */; };
		33D5B27E1A9AFD6300E68CE2 /* CategoryTableViewCell.swift in Sources */ = {isa = PBXBuildFile; fileRef = 33D5B27C1A9AFD6300E68CE2 /* CategoryTableViewCell.swift */; };
		33D5B27F1A9AFD6300E68CE2 /* CategoryTableViewCell.xib in Resources */ = {isa = PBXBuildFile; fileRef = 33D5B27D1A9AFD6300E68CE2 /* CategoryTableViewCell.xib */; };
		33E78F541AA3401300145AE6 /* defaultIcon.png in Resources */ = {isa = PBXBuildFile; fileRef = 33E78F531AA3401300145AE6 /* defaultIcon.png */; };
		33E7FA6C1A99DBFE005B7A5D /* DateTextField.swift in Sources */ = {isa = PBXBuildFile; fileRef = 33E7FA6B1A99DBFE005B7A5D /* DateTextField.swift */; };
		33F7AFBE1AA178DC0004CC29 /* DialogCoreSplitVC.swift in Sources */ = {isa = PBXBuildFile; fileRef = 33F7AFBD1AA178DC0004CC29 /* DialogCoreSplitVC.swift */; };
		33F95D041AA2F9F0002162A2 /* Safari-50.png in Resources */ = {isa = PBXBuildFile; fileRef = 33F95D031AA2F9F0002162A2 /* Safari-50.png */; };
/* End PBXBuildFile section */

/* Begin PBXContainerItemProxy section */
		33B77DEB1A937689008E70DF /* PBXContainerItemProxy */ = {
			isa = PBXContainerItemProxy;
			containerPortal = 33B77DCA1A937689008E70DF /* Project object */;
			proxyType = 1;
			remoteGlobalIDString = 33B77DD11A937689008E70DF;
			remoteInfo = Bridge;
		};
/* End PBXContainerItemProxy section */

/* Begin PBXFileReference section */
		3302077A1A9B1CEA00B233F3 /* MessageTableViewController.swift */ = {isa = PBXFileReference; fileEncoding = 4; lastKnownFileType = sourcecode.swift; path = MessageTableViewController.swift; sourceTree = "<group>"; };
		330207801A9B1D2F00B233F3 /* MessageTableViewCell.swift */ = {isa = PBXFileReference; fileEncoding = 4; lastKnownFileType = sourcecode.swift; path = MessageTableViewCell.swift; sourceTree = "<group>"; };
		330207811A9B1D2F00B233F3 /* MessageTableViewCell.xib */ = {isa = PBXFileReference; fileEncoding = 4; lastKnownFileType = file.xib; path = MessageTableViewCell.xib; sourceTree = "<group>"; };
		330207861A9B1D6600B233F3 /* MessageCell.swift */ = {isa = PBXFileReference; fileEncoding = 4; lastKnownFileType = sourcecode.swift; path = MessageCell.swift; sourceTree = "<group>"; };
		330E82E71AA9DA2D00014A8E /* CalenderHandler.swift */ = {isa = PBXFileReference; fileEncoding = 4; lastKnownFileType = sourcecode.swift; path = CalenderHandler.swift; sourceTree = "<group>"; };
		330E82E91AA9DB3800014A8E /* EventKit.framework */ = {isa = PBXFileReference; lastKnownFileType = wrapper.framework; name = EventKit.framework; path = System/Library/Frameworks/EventKit.framework; sourceTree = SDKROOT; };
		330E82EA1AA9DB3800014A8E /* EventKitUI.framework */ = {isa = PBXFileReference; lastKnownFileType = wrapper.framework; name = EventKitUI.framework; path = System/Library/Frameworks/EventKitUI.framework; sourceTree = SDKROOT; };
		3310433D1A945BB100093EAF /* buddy.jpg */ = {isa = PBXFileReference; lastKnownFileType = image.jpeg; path = buddy.jpg; sourceTree = "<group>"; };
		3310433E1A945BB100093EAF /* running.jpg */ = {isa = PBXFileReference; lastKnownFileType = image.jpeg; path = running.jpg; sourceTree = "<group>"; };
		3310433F1A945BB100093EAF /* window.jpg */ = {isa = PBXFileReference; lastKnownFileType = image.jpeg; path = window.jpg; sourceTree = "<group>"; };
		331769191A9B47FA002EB2F6 /* DialogViewController.swift */ = {isa = PBXFileReference; fileEncoding = 4; lastKnownFileType = sourcecode.swift; path = DialogViewController.swift; sourceTree = "<group>"; };
		33219CC71AA5684900DE8DFA /* ExperienceTViewCell.swift */ = {isa = PBXFileReference; fileEncoding = 4; lastKnownFileType = sourcecode.swift; path = ExperienceTViewCell.swift; sourceTree = "<group>"; };
		33219CC81AA5684900DE8DFA /* ExperienceTViewCell.xib */ = {isa = PBXFileReference; fileEncoding = 4; lastKnownFileType = file.xib; path = ExperienceTViewCell.xib; sourceTree = "<group>"; };
		3321E0201AA450840057683D /* RecommendationTableVC.swift */ = {isa = PBXFileReference; fileEncoding = 4; lastKnownFileType = sourcecode.swift; path = RecommendationTableVC.swift; sourceTree = "<group>"; };
		332A29151A998CD9006795CF /* Social.framework */ = {isa = PBXFileReference; lastKnownFileType = wrapper.framework; name = Social.framework; path = System/Library/Frameworks/Social.framework; sourceTree = SDKROOT; };
		333912861AA0128B00C28ACE /* Thumbnail.swift */ = {isa = PBXFileReference; fileEncoding = 4; lastKnownFileType = sourcecode.swift; path = Thumbnail.swift; sourceTree = "<group>"; };
		333AA1691AAAA56D00DB5648 /* Vector.swift */ = {isa = PBXFileReference; fileEncoding = 4; lastKnownFileType = sourcecode.swift; path = Vector.swift; sourceTree = "<group>"; };
		333AA16A1AAAA56D00DB5648 /* Activity.swift */ = {isa = PBXFileReference; fileEncoding = 4; lastKnownFileType = sourcecode.swift; path = Activity.swift; sourceTree = "<group>"; };
		333AA16B1AAAA56E00DB5648 /* Dialog.swift */ = {isa = PBXFileReference; fileEncoding = 4; lastKnownFileType = sourcecode.swift; path = Dialog.swift; sourceTree = "<group>"; };
		333AA16C1AAAA56E00DB5648 /* Message.swift */ = {isa = PBXFileReference; fileEncoding = 4; lastKnownFileType = sourcecode.swift; path = Message.swift; sourceTree = "<group>"; };
		333AA16D1AAAA56E00DB5648 /* User.swift */ = {isa = PBXFileReference; fileEncoding = 4; lastKnownFileType = sourcecode.swift; path = User.swift; sourceTree = "<group>"; };
		333AA1731AAAA57D00DB5648 /* ActivityViewController.swift */ = {isa = PBXFileReference; fileEncoding = 4; lastKnownFileType = sourcecode.swift; path = ActivityViewController.swift; sourceTree = "<group>"; };
		333AA1751AAAA5B300DB5648 /* FollowerCollectionVC.swift */ = {isa = PBXFileReference; fileEncoding = 4; lastKnownFileType = sourcecode.swift; path = FollowerCollectionVC.swift; sourceTree = "<group>"; };
		333AA1771AAAA5C200DB5648 /* CreateNewExperienceViewController.swift */ = {isa = PBXFileReference; fileEncoding = 4; lastKnownFileType = sourcecode.swift; path = CreateNewExperienceViewController.swift; sourceTree = "<group>"; };
		333AA1791AAAA5DB00DB5648 /* FriendDetailViewController.swift */ = {isa = PBXFileReference; fileEncoding = 4; lastKnownFileType = sourcecode.swift; path = FriendDetailViewController.swift; sourceTree = "<group>"; };
		333AA17B1AAAA5F600DB5648 /* Experience.swift */ = {isa = PBXFileReference; fileEncoding = 4; lastKnownFileType = sourcecode.swift; path = Experience.swift; sourceTree = "<group>"; };
		333AA17C1AAAA5F600DB5648 /* ExperienceTableVC.swift */ = {isa = PBXFileReference; fileEncoding = 4; lastKnownFileType = sourcecode.swift; path = ExperienceTableVC.swift; sourceTree = "<group>"; };
		333AA1801AAAA66100DB5648 /* LogonViewController.swift */ = {isa = PBXFileReference; fileEncoding = 4; lastKnownFileType = sourcecode.swift; path = LogonViewController.swift; sourceTree = "<group>"; };
		333AA1851AAAA6CE00DB5648 /* ParentActivityOverviewTVC.swift */ = {isa = PBXFileReference; fileEncoding = 4; lastKnownFileType = sourcecode.swift; path = ParentActivityOverviewTVC.swift; sourceTree = "<group>"; };
		333AA1861AAAA6CE00DB5648 /* ParentActivityVC.swift */ = {isa = PBXFileReference; fileEncoding = 4; lastKnownFileType = sourcecode.swift; path = ParentActivityVC.swift; sourceTree = "<group>"; };
		333AA1891AAAA77900DB5648 /* ActivityOverViewTableViewController.swift */ = {isa = PBXFileReference; fileEncoding = 4; lastKnownFileType = sourcecode.swift; path = ActivityOverViewTableViewController.swift; sourceTree = "<group>"; };
		333AA18B1AAAA7E600DB5648 /* CreateActivityViewController.swift */ = {isa = PBXFileReference; fileEncoding = 4; lastKnownFileType = sourcecode.swift; path = CreateActivityViewController.swift; sourceTree = "<group>"; };
		333AA18C1AAAA7E600DB5648 /* FriendOverviewTableVC.swift */ = {isa = PBXFileReference; fileEncoding = 4; lastKnownFileType = sourcecode.swift; path = FriendOverviewTableVC.swift; sourceTree = "<group>"; };
		333AA18D1AAAA7E600DB5648 /* OrganizationActivityViewController.swift */ = {isa = PBXFileReference; fileEncoding = 4; lastKnownFileType = sourcecode.swift; path = OrganizationActivityViewController.swift; sourceTree = "<group>"; };
		333AA18E1AAAA7E600DB5648 /* OrganiztionActivityOverviewTVC.swift */ = {isa = PBXFileReference; fileEncoding = 4; lastKnownFileType = sourcecode.swift; path = OrganiztionActivityOverviewTVC.swift; sourceTree = "<group>"; };
		333AA1931AAAA80E00DB5648 /* PosterCollectionViewController.swift */ = {isa = PBXFileReference; fileEncoding = 4; lastKnownFileType = sourcecode.swift; path = PosterCollectionViewController.swift; sourceTree = "<group>"; };
		333AA1941AAAA80E00DB5648 /* PosterDetailViewController.swift */ = {isa = PBXFileReference; fileEncoding = 4; lastKnownFileType = sourcecode.swift; path = PosterDetailViewController.swift; sourceTree = "<group>"; };
		333AA1971AAAA82A00DB5648 /* Poster.swift */ = {isa = PBXFileReference; fileEncoding = 4; lastKnownFileType = sourcecode.swift; path = Poster.swift; sourceTree = "<group>"; };
		333AA1991AAAA84000DB5648 /* VectorHandler.swift */ = {isa = PBXFileReference; fileEncoding = 4; lastKnownFileType = sourcecode.swift; path = VectorHandler.swift; sourceTree = "<group>"; };
		3342BDB71AAAA3DD0075278E /* Bridge-Bridging-Header.h */ = {isa = PBXFileReference; fileEncoding = 4; lastKnownFileType = sourcecode.c.h; path = "Bridge-Bridging-Header.h"; sourceTree = "<group>"; };
		33467A8C1A94766D00E8749C /* minion.jpg */ = {isa = PBXFileReference; lastKnownFileType = image.jpeg; path = minion.jpg; sourceTree = "<group>"; };
		334B52A51A9D588F00562580 /* Form.xib */ = {isa = PBXFileReference; fileEncoding = 4; lastKnownFileType = file.xib; path = Form.xib; sourceTree = "<group>"; };
		335B97941A9731E800A17DDD /* CoreLocation.framework */ = {isa = PBXFileReference; lastKnownFileType = wrapper.framework; name = CoreLocation.framework; path = System/Library/Frameworks/CoreLocation.framework; sourceTree = SDKROOT; };
		335B97961A97320900A17DDD /* IBeaconViewController.swift */ = {isa = PBXFileReference; fileEncoding = 4; lastKnownFileType = sourcecode.swift; path = IBeaconViewController.swift; sourceTree = "<group>"; };
		335B97981A9732BB00A17DDD /* CoreBluetooth.framework */ = {isa = PBXFileReference; lastKnownFileType = wrapper.framework; name = CoreBluetooth.framework; path = System/Library/Frameworks/CoreBluetooth.framework; sourceTree = SDKROOT; };
		3365B4F91A94C7660028325B /* PosterCellCollectionViewCell.swift */ = {isa = PBXFileReference; fileEncoding = 4; lastKnownFileType = sourcecode.swift; path = PosterCellCollectionViewCell.swift; sourceTree = "<group>"; };
		3365B4FA1A94C7660028325B /* PosterCellCollectionViewCell.xib */ = {isa = PBXFileReference; fileEncoding = 4; lastKnownFileType = file.xib; path = PosterCellCollectionViewCell.xib; sourceTree = "<group>"; };
		3373F0341A9869720082D2B0 /* Base */ = {isa = PBXFileReference; lastKnownFileType = file.storyboard; name = Base; path = Bridge/Base.lproj/Main.storyboard; sourceTree = "<group>"; };
		3376CEDD1AA34BCC00910D82 /* FriendTableCell.swift */ = {isa = PBXFileReference; fileEncoding = 4; lastKnownFileType = sourcecode.swift; path = FriendTableCell.swift; sourceTree = "<group>"; };
		3376CEDE1AA34BCC00910D82 /* FriendTableCell.xib */ = {isa = PBXFileReference; fileEncoding = 4; lastKnownFileType = file.xib; path = FriendTableCell.xib; sourceTree = "<group>"; };
		337786621A9C0DFA004D0093 /* ActivityOverViewTableViewCell.swift */ = {isa = PBXFileReference; fileEncoding = 4; lastKnownFileType = sourcecode.swift; path = ActivityOverViewTableViewCell.swift; sourceTree = "<group>"; };
		337786631A9C0DFA004D0093 /* ActivityOverViewTableViewCell.xib */ = {isa = PBXFileReference; fileEncoding = 4; lastKnownFileType = file.xib; path = ActivityOverViewTableViewCell.xib; sourceTree = "<group>"; };
		337786661A9C0FE1004D0093 /* Bolts.framework */ = {isa = PBXFileReference; lastKnownFileType = wrapper.framework; name = Bolts.framework; path = Bridge/Bolts.framework; sourceTree = "<group>"; };
		337786671A9C0FE1004D0093 /* Parse.framework */ = {isa = PBXFileReference; lastKnownFileType = wrapper.framework; name = Parse.framework; path = Bridge/Parse.framework; sourceTree = "<group>"; };
		3377866A1A9C106A004D0093 /* AudioToolbox.framework */ = {isa = PBXFileReference; lastKnownFileType = wrapper.framework; name = AudioToolbox.framework; path = System/Library/Frameworks/AudioToolbox.framework; sourceTree = SDKROOT; };
		3377866C1A9C1071004D0093 /* CFNetwork.framework */ = {isa = PBXFileReference; lastKnownFileType = wrapper.framework; name = CFNetwork.framework; path = System/Library/Frameworks/CFNetwork.framework; sourceTree = SDKROOT; };
		3377866E1A9C1078004D0093 /* CoreGraphics.framework */ = {isa = PBXFileReference; lastKnownFileType = wrapper.framework; name = CoreGraphics.framework; path = System/Library/Frameworks/CoreGraphics.framework; sourceTree = SDKROOT; };
		337786701A9C1080004D0093 /* MobileCoreServices.framework */ = {isa = PBXFileReference; lastKnownFileType = wrapper.framework; name = MobileCoreServices.framework; path = System/Library/Frameworks/MobileCoreServices.framework; sourceTree = SDKROOT; };
		337786721A9C1088004D0093 /* QuartzCore.framework */ = {isa = PBXFileReference; lastKnownFileType = wrapper.framework; name = QuartzCore.framework; path = System/Library/Frameworks/QuartzCore.framework; sourceTree = SDKROOT; };
		337786741A9C108E004D0093 /* Security.framework */ = {isa = PBXFileReference; lastKnownFileType = wrapper.framework; name = Security.framework; path = System/Library/Frameworks/Security.framework; sourceTree = SDKROOT; };
		337786761A9C1094004D0093 /* StoreKit.framework */ = {isa = PBXFileReference; lastKnownFileType = wrapper.framework; name = StoreKit.framework; path = System/Library/Frameworks/StoreKit.framework; sourceTree = SDKROOT; };
		337786781A9C109C004D0093 /* SystemConfiguration.framework */ = {isa = PBXFileReference; lastKnownFileType = wrapper.framework; name = SystemConfiguration.framework; path = System/Library/Frameworks/SystemConfiguration.framework; sourceTree = SDKROOT; };
		3377867A1A9C10A4004D0093 /* libz.dylib */ = {isa = PBXFileReference; lastKnownFileType = "compiled.mach-o.dylib"; name = libz.dylib; path = usr/lib/libz.dylib; sourceTree = SDKROOT; };
		3377867C1A9C10AC004D0093 /* libsqlite3.dylib */ = {isa = PBXFileReference; lastKnownFileType = "compiled.mach-o.dylib"; name = libsqlite3.dylib; path = usr/lib/libsqlite3.dylib; sourceTree = SDKROOT; };
		338B1B931AA04CF6008F67A1 /* StartDialogViewController.swift */ = {isa = PBXFileReference; fileEncoding = 4; lastKnownFileType = sourcecode.swift; path = StartDialogViewController.swift; sourceTree = "<group>"; };
		339655C81AA16ED400C1388C /* ThumbnailForUserCVCell.swift */ = {isa = PBXFileReference; fileEncoding = 4; lastKnownFileType = sourcecode.swift; path = ThumbnailForUserCVCell.swift; sourceTree = "<group>"; };
		339655C91AA16ED400C1388C /* ThumbnailForUserCVCell.xib */ = {isa = PBXFileReference; fileEncoding = 4; lastKnownFileType = file.xib; path = ThumbnailForUserCVCell.xib; sourceTree = "<group>"; };
		339F9B491A95E4B60004A7DB /* DialogCell.swift */ = {isa = PBXFileReference; fileEncoding = 4; lastKnownFileType = sourcecode.swift; path = DialogCell.swift; sourceTree = "<group>"; };
		339F9B4A1A95E4B60004A7DB /* DialogCell.xib */ = {isa = PBXFileReference; fileEncoding = 4; lastKnownFileType = file.xib; path = DialogCell.xib; sourceTree = "<group>"; };
		339F9B4F1A95E7600004A7DB /* DialogHistoryViewController.swift */ = {isa = PBXFileReference; fileEncoding = 4; lastKnownFileType = sourcecode.swift; path = DialogHistoryViewController.swift; sourceTree = "<group>"; };
		33B77DD21A937689008E70DF /* Bridge.app */ = {isa = PBXFileReference; explicitFileType = wrapper.application; includeInIndex = 0; path = Bridge.app; sourceTree = BUILT_PRODUCTS_DIR; };
		33B77DD61A937689008E70DF /* Info.plist */ = {isa = PBXFileReference; lastKnownFileType = text.plist.xml; path = Info.plist; sourceTree = "<group>"; };
		33B77DD71A937689008E70DF /* AppDelegate.swift */ = {isa = PBXFileReference; lastKnownFileType = sourcecode.swift; path = AppDelegate.swift; sourceTree = "<group>"; };
		33B77DDA1A937689008E70DF /* Bridge.xcdatamodel */ = {isa = PBXFileReference; lastKnownFileType = wrapper.xcdatamodel; path = Bridge.xcdatamodel; sourceTree = "<group>"; };
		33B77DE11A937689008E70DF /* Images.xcassets */ = {isa = PBXFileReference; lastKnownFileType = folder.assetcatalog; path = Images.xcassets; sourceTree = "<group>"; };
		33B77DE41A937689008E70DF /* Base */ = {isa = PBXFileReference; lastKnownFileType = file.xib; name = Base; path = Base.lproj/LaunchScreen.xib; sourceTree = "<group>"; };
		33B77DEA1A937689008E70DF /* BridgeTests.xctest */ = {isa = PBXFileReference; explicitFileType = wrapper.cfbundle; includeInIndex = 0; path = BridgeTests.xctest; sourceTree = BUILT_PRODUCTS_DIR; };
		33B77DEF1A937689008E70DF /* Info.plist */ = {isa = PBXFileReference; lastKnownFileType = text.plist.xml; path = Info.plist; sourceTree = "<group>"; };
		33B77DF01A937689008E70DF /* BridgeTests.swift */ = {isa = PBXFileReference; lastKnownFileType = sourcecode.swift; path = BridgeTests.swift; sourceTree = "<group>"; };
		33BBD6161A95A176005F1FB0 /* CameraViewController.swift */ = {isa = PBXFileReference; fileEncoding = 4; lastKnownFileType = sourcecode.swift; path = CameraViewController.swift; sourceTree = "<group>"; };
		33D5B27A1A9AF3BA00E68CE2 /* CategoryTableViewController.swift */ = {isa = PBXFileReference; fileEncoding = 4; lastKnownFileType = sourcecode.swift; path = CategoryTableViewController.swift; sourceTree = "<group>"; };
		33D5B27C1A9AFD6300E68CE2 /* CategoryTableViewCell.swift */ = {isa = PBXFileReference; fileEncoding = 4; lastKnownFileType = sourcecode.swift; path = CategoryTableViewCell.swift; sourceTree = "<group>"; };
		33D5B27D1A9AFD6300E68CE2 /* CategoryTableViewCell.xib */ = {isa = PBXFileReference; fileEncoding = 4; lastKnownFileType = file.xib; path = CategoryTableViewCell.xib; sourceTree = "<group>"; };
		33E78F531AA3401300145AE6 /* defaultIcon.png */ = {isa = PBXFileReference; lastKnownFileType = image.png; path = defaultIcon.png; sourceTree = "<group>"; };
		33E7FA6B1A99DBFE005B7A5D /* DateTextField.swift */ = {isa = PBXFileReference; fileEncoding = 4; lastKnownFileType = sourcecode.swift; path = DateTextField.swift; sourceTree = "<group>"; };
		33F7AFBD1AA178DC0004CC29 /* DialogCoreSplitVC.swift */ = {isa = PBXFileReference; fileEncoding = 4; lastKnownFileType = sourcecode.swift; path = DialogCoreSplitVC.swift; sourceTree = "<group>"; };
		33F95D031AA2F9F0002162A2 /* Safari-50.png */ = {isa = PBXFileReference; lastKnownFileType = image.png; path = "Safari-50.png"; sourceTree = "<group>"; };
/* End PBXFileReference section */

/* Begin PBXFrameworksBuildPhase section */
		33B77DCF1A937689008E70DF /* Frameworks */ = {
			isa = PBXFrameworksBuildPhase;
			buildActionMask = 2147483647;
			files = (
				330E82EB1AA9DB3800014A8E /* EventKit.framework in Frameworks */,
				330E82EC1AA9DB3800014A8E /* EventKitUI.framework in Frameworks */,
				3377867D1A9C10AC004D0093 /* libsqlite3.dylib in Frameworks */,
				3377867B1A9C10A4004D0093 /* libz.dylib in Frameworks */,
				337786791A9C109C004D0093 /* SystemConfiguration.framework in Frameworks */,
				337786771A9C1094004D0093 /* StoreKit.framework in Frameworks */,
				337786751A9C108E004D0093 /* Security.framework in Frameworks */,
				337786731A9C1088004D0093 /* QuartzCore.framework in Frameworks */,
				337786711A9C1080004D0093 /* MobileCoreServices.framework in Frameworks */,
				3377866F1A9C1078004D0093 /* CoreGraphics.framework in Frameworks */,
				3377866D1A9C1071004D0093 /* CFNetwork.framework in Frameworks */,
				3377866B1A9C106A004D0093 /* AudioToolbox.framework in Frameworks */,
				332A29161A998CD9006795CF /* Social.framework in Frameworks */,
				335B97991A9732BB00A17DDD /* CoreBluetooth.framework in Frameworks */,
				335B97951A9731E800A17DDD /* CoreLocation.framework in Frameworks */,
				337786681A9C0FE1004D0093 /* Bolts.framework in Frameworks */,
				337786691A9C0FE1004D0093 /* Parse.framework in Frameworks */,
			);
			runOnlyForDeploymentPostprocessing = 0;
		};
		33B77DE71A937689008E70DF /* Frameworks */ = {
			isa = PBXFrameworksBuildPhase;
			buildActionMask = 2147483647;
			files = (
			);
			runOnlyForDeploymentPostprocessing = 0;
		};
/* End PBXFrameworksBuildPhase section */

/* Begin PBXGroup section */
		331043371A94430200093EAF /* Controller */ = {
			isa = PBXGroup;
			children = (
				333AA1841AAAA6BD00DB5648 /* Parent */,
				333AA17F1AAAA63D00DB5648 /* System */,
				3321E01F1AA450680057683D /* Recommendation */,
				33C5E5BD1A9DAA79007F6E55 /* Poster */,
				33C5E5BB1A9DAA65007F6E55 /* Activity */,
				3376CED91AA34AA800910D82 /* PersonRelationship */,
				33C5E5BF1A9DAAA7007F6E55 /* Messages */,
				33BBD6161A95A176005F1FB0 /* CameraViewController.swift */,
				335B97961A97320900A17DDD /* IBeaconViewController.swift */,
				33D5B27A1A9AF3BA00E68CE2 /* CategoryTableViewController.swift */,
			);
			name = Controller;
			sourceTree = "<group>";
		};
		331043381A94430D00093EAF /* View */ = {
			isa = PBXGroup;
			children = (
				3376CEDD1AA34BCC00910D82 /* FriendTableCell.swift */,
				3376CEDE1AA34BCC00910D82 /* FriendTableCell.xib */,
				330207861A9B1D6600B233F3 /* MessageCell.swift */,
				330207801A9B1D2F00B233F3 /* MessageTableViewCell.swift */,
				330207811A9B1D2F00B233F3 /* MessageTableViewCell.xib */,
				3365B4F91A94C7660028325B /* PosterCellCollectionViewCell.swift */,
				3365B4FA1A94C7660028325B /* PosterCellCollectionViewCell.xib */,
				339F9B491A95E4B60004A7DB /* DialogCell.swift */,
				339F9B4A1A95E4B60004A7DB /* DialogCell.xib */,
				33E7FA6B1A99DBFE005B7A5D /* DateTextField.swift */,
				33D5B27C1A9AFD6300E68CE2 /* CategoryTableViewCell.swift */,
				33D5B27D1A9AFD6300E68CE2 /* CategoryTableViewCell.xib */,
				337786621A9C0DFA004D0093 /* ActivityOverViewTableViewCell.swift */,
				337786631A9C0DFA004D0093 /* ActivityOverViewTableViewCell.xib */,
				334B52A51A9D588F00562580 /* Form.xib */,
				333912861AA0128B00C28ACE /* Thumbnail.swift */,
				339655C81AA16ED400C1388C /* ThumbnailForUserCVCell.swift */,
				339655C91AA16ED400C1388C /* ThumbnailForUserCVCell.xib */,
				33219CC71AA5684900DE8DFA /* ExperienceTViewCell.swift */,
				33219CC81AA5684900DE8DFA /* ExperienceTViewCell.xib */,
			);
			name = View;
			sourceTree = "<group>";
		};
		331043391A94431300093EAF /* Model */ = {
			isa = PBXGroup;
			children = (
				33D2D68A1AA8170B00C3161E /* Handler */,
				33D2D6891AA816FB00C3161E /* Data */,
			);
			name = Model;
			sourceTree = "<group>";
		};
		3310433C1A94466800093EAF /* Pics */ = {
			isa = PBXGroup;
			children = (
				33E78F531AA3401300145AE6 /* defaultIcon.png */,
				33F95D031AA2F9F0002162A2 /* Safari-50.png */,
				33467A8C1A94766D00E8749C /* minion.jpg */,
				3310433D1A945BB100093EAF /* buddy.jpg */,
				3310433E1A945BB100093EAF /* running.jpg */,
				3310433F1A945BB100093EAF /* window.jpg */,
			);
			name = Pics;
			sourceTree = "<group>";
		};
		3321E01F1AA450680057683D /* Recommendation */ = {
			isa = PBXGroup;
			children = (
				3321E0201AA450840057683D /* RecommendationTableVC.swift */,
			);
			name = Recommendation;
			sourceTree = "<group>";
		};
		3337DE5A1A9C2C2D0035446C /* Framework */ = {
			isa = PBXGroup;
			children = (
				330E82E91AA9DB3800014A8E /* EventKit.framework */,
				330E82EA1AA9DB3800014A8E /* EventKitUI.framework */,
				3377867C1A9C10AC004D0093 /* libsqlite3.dylib */,
				3377867A1A9C10A4004D0093 /* libz.dylib */,
				337786781A9C109C004D0093 /* SystemConfiguration.framework */,
				337786761A9C1094004D0093 /* StoreKit.framework */,
				337786741A9C108E004D0093 /* Security.framework */,
				337786721A9C1088004D0093 /* QuartzCore.framework */,
				337786701A9C1080004D0093 /* MobileCoreServices.framework */,
				3377866E1A9C1078004D0093 /* CoreGraphics.framework */,
				3377866C1A9C1071004D0093 /* CFNetwork.framework */,
				3377866A1A9C106A004D0093 /* AudioToolbox.framework */,
				337786661A9C0FE1004D0093 /* Bolts.framework */,
				337786671A9C0FE1004D0093 /* Parse.framework */,
				332A29151A998CD9006795CF /* Social.framework */,
				335B97981A9732BB00A17DDD /* CoreBluetooth.framework */,
				335B97941A9731E800A17DDD /* CoreLocation.framework */,
			);
			name = Framework;
			sourceTree = "<group>";
		};
		333AA17F1AAAA63D00DB5648 /* System */ = {
			isa = PBXGroup;
			children = (
				333AA1801AAAA66100DB5648 /* LogonViewController.swift */,
			);
			name = System;
			sourceTree = "<group>";
		};
		333AA1841AAAA6BD00DB5648 /* Parent */ = {
			isa = PBXGroup;
			children = (
				333AA1851AAAA6CE00DB5648 /* ParentActivityOverviewTVC.swift */,
				333AA1861AAAA6CE00DB5648 /* ParentActivityVC.swift */,
			);
			name = Parent;
			sourceTree = "<group>";
		};
		3376CED91AA34AA800910D82 /* PersonRelationship */ = {
			isa = PBXGroup;
			children = (
				333AA18C1AAAA7E600DB5648 /* FriendOverviewTableVC.swift */,
				333AA1791AAAA5DB00DB5648 /* FriendDetailViewController.swift */,
				333AA1771AAAA5C200DB5648 /* CreateNewExperienceViewController.swift */,
				333AA1751AAAA5B300DB5648 /* FollowerCollectionVC.swift */,
				333AA17C1AAAA5F600DB5648 /* ExperienceTableVC.swift */,
			);
			name = PersonRelationship;
			sourceTree = "<group>";
		};
		33B77DC91A937689008E70DF = {
			isa = PBXGroup;
			children = (
				33B77DD41A937689008E70DF /* Bridge */,
				3337DE5A1A9C2C2D0035446C /* Framework */,
				33B77DD31A937689008E70DF /* Products */,
				33B77DED1A937689008E70DF /* BridgeTests */,
				3373F0331A9869720082D2B0 /* Main.storyboard */,
			);
			sourceTree = "<group>";
		};
		33B77DD31A937689008E70DF /* Products */ = {
			isa = PBXGroup;
			children = (
				33B77DD21A937689008E70DF /* Bridge.app */,
				33B77DEA1A937689008E70DF /* BridgeTests.xctest */,
			);
			name = Products;
			sourceTree = "<group>";
		};
		33B77DD41A937689008E70DF /* Bridge */ = {
			isa = PBXGroup;
			children = (
				331043391A94431300093EAF /* Model */,
				331043381A94430D00093EAF /* View */,
				331043371A94430200093EAF /* Controller */,
				3310433C1A94466800093EAF /* Pics */,
				33B77DD51A937689008E70DF /* Supporting Files */,
			);
			path = Bridge;
			sourceTree = "<group>";
		};
		33B77DD51A937689008E70DF /* Supporting Files */ = {
			isa = PBXGroup;
			children = (
				33B77DD71A937689008E70DF /* AppDelegate.swift */,
				33B77DE11A937689008E70DF /* Images.xcassets */,
				33B77DE31A937689008E70DF /* LaunchScreen.xib */,
				33B77DD91A937689008E70DF /* Bridge.xcdatamodeld */,
				33B77DD61A937689008E70DF /* Info.plist */,
			);
			name = "Supporting Files";
			sourceTree = "<group>";
		};
		33B77DED1A937689008E70DF /* BridgeTests */ = {
			isa = PBXGroup;
			children = (
				33B77DF01A937689008E70DF /* BridgeTests.swift */,
				33B77DEE1A937689008E70DF /* Supporting Files */,
			);
			path = BridgeTests;
			sourceTree = "<group>";
		};
		33B77DEE1A937689008E70DF /* Supporting Files */ = {
			isa = PBXGroup;
			children = (
				33B77DEF1A937689008E70DF /* Info.plist */,
			);
			name = "Supporting Files";
			sourceTree = "<group>";
		};
		33C5E5BB1A9DAA65007F6E55 /* Activity */ = {
			isa = PBXGroup;
			children = (
				333AA1891AAAA77900DB5648 /* ActivityOverViewTableViewController.swift */,
				333AA18B1AAAA7E600DB5648 /* CreateActivityViewController.swift */,
				333AA18D1AAAA7E600DB5648 /* OrganizationActivityViewController.swift */,
				333AA18E1AAAA7E600DB5648 /* OrganiztionActivityOverviewTVC.swift */,
				333AA1731AAAA57D00DB5648 /* ActivityViewController.swift */,
			);
			name = Activity;
			sourceTree = "<group>";
		};
		33C5E5BD1A9DAA79007F6E55 /* Poster */ = {
			isa = PBXGroup;
			children = (
				333AA1931AAAA80E00DB5648 /* PosterCollectionViewController.swift */,
				333AA1941AAAA80E00DB5648 /* PosterDetailViewController.swift */,
			);
			name = Poster;
			sourceTree = "<group>";
		};
		33C5E5BF1A9DAAA7007F6E55 /* Messages */ = {
			isa = PBXGroup;
			children = (
				33F7AFBD1AA178DC0004CC29 /* DialogCoreSplitVC.swift */,
				339F9B4F1A95E7600004A7DB /* DialogHistoryViewController.swift */,
				3302077A1A9B1CEA00B233F3 /* MessageTableViewController.swift */,
				338B1B931AA04CF6008F67A1 /* StartDialogViewController.swift */,
				331769191A9B47FA002EB2F6 /* DialogViewController.swift */,
			);
			name = Messages;
			sourceTree = "<group>";
		};
		33D2D6891AA816FB00C3161E /* Data */ = {
			isa = PBXGroup;
			children = (
				333AA1971AAAA82A00DB5648 /* Poster.swift */,
				333AA1691AAAA56D00DB5648 /* Vector.swift */,
				333AA16A1AAAA56D00DB5648 /* Activity.swift */,
				333AA16B1AAAA56E00DB5648 /* Dialog.swift */,
				333AA16C1AAAA56E00DB5648 /* Message.swift */,
				333AA16D1AAAA56E00DB5648 /* User.swift */,
				333AA17B1AAAA5F600DB5648 /* Experience.swift */,
				3342BDB71AAAA3DD0075278E /* Bridge-Bridging-Header.h */,
			);
			name = Data;
			sourceTree = "<group>";
		};
		33D2D68A1AA8170B00C3161E /* Handler */ = {
			isa = PBXGroup;
			children = (
				333AA1991AAAA84000DB5648 /* VectorHandler.swift */,
				330E82E71AA9DA2D00014A8E /* CalenderHandler.swift */,
			);
			name = Handler;
			sourceTree = "<group>";
		};
/* End PBXGroup section */

/* Begin PBXNativeTarget section */
		33B77DD11A937689008E70DF /* Bridge */ = {
			isa = PBXNativeTarget;
			buildConfigurationList = 33B77DF41A937689008E70DF /* Build configuration list for PBXNativeTarget "Bridge" */;
			buildPhases = (
				33B77DCE1A937689008E70DF /* Sources */,
				33B77DCF1A937689008E70DF /* Frameworks */,
				33B77DD01A937689008E70DF /* Resources */,
			);
			buildRules = (
			);
			dependencies = (
			);
			name = Bridge;
			productName = Bridge;
			productReference = 33B77DD21A937689008E70DF /* Bridge.app */;
			productType = "com.apple.product-type.application";
		};
		33B77DE91A937689008E70DF /* BridgeTests */ = {
			isa = PBXNativeTarget;
			buildConfigurationList = 33B77DF71A937689008E70DF /* Build configuration list for PBXNativeTarget "BridgeTests" */;
			buildPhases = (
				33B77DE61A937689008E70DF /* Sources */,
				33B77DE71A937689008E70DF /* Frameworks */,
				33B77DE81A937689008E70DF /* Resources */,
			);
			buildRules = (
			);
			dependencies = (
				33B77DEC1A937689008E70DF /* PBXTargetDependency */,
			);
			name = BridgeTests;
			productName = BridgeTests;
			productReference = 33B77DEA1A937689008E70DF /* BridgeTests.xctest */;
			productType = "com.apple.product-type.bundle.unit-test";
		};
/* End PBXNativeTarget section */

/* Begin PBXProject section */
		33B77DCA1A937689008E70DF /* Project object */ = {
			isa = PBXProject;
			attributes = {
				LastUpgradeCheck = 0610;
				ORGANIZATIONNAME = Fudan.SS;
				TargetAttributes = {
					33B77DD11A937689008E70DF = {
						CreatedOnToolsVersion = 6.1.1;
					};
					33B77DE91A937689008E70DF = {
						CreatedOnToolsVersion = 6.1.1;
						TestTargetID = 33B77DD11A937689008E70DF;
					};
				};
			};
			buildConfigurationList = 33B77DCD1A937689008E70DF /* Build configuration list for PBXProject "Bridge" */;
			compatibilityVersion = "Xcode 3.2";
			developmentRegion = English;
			hasScannedForEncodings = 0;
			knownRegions = (
				en,
				Base,
			);
			mainGroup = 33B77DC91A937689008E70DF;
			productRefGroup = 33B77DD31A937689008E70DF /* Products */;
			projectDirPath = "";
			projectRoot = "";
			targets = (
				33B77DD11A937689008E70DF /* Bridge */,
				33B77DE91A937689008E70DF /* BridgeTests */,
			);
		};
/* End PBXProject section */

/* Begin PBXResourcesBuildPhase section */
		33B77DD01A937689008E70DF /* Resources */ = {
			isa = PBXResourcesBuildPhase;
			buildActionMask = 2147483647;
			files = (
				33F95D041AA2F9F0002162A2 /* Safari-50.png in Resources */,
				331043411A945BB100093EAF /* running.jpg in Resources */,
				330207831A9B1D2F00B233F3 /* MessageTableViewCell.xib in Resources */,
				33E78F541AA3401300145AE6 /* defaultIcon.png in Resources */,
				339655CB1AA16ED400C1388C /* ThumbnailForUserCVCell.xib in Resources */,
				33D5B27F1A9AFD6300E68CE2 /* CategoryTableViewCell.xib in Resources */,
				331043401A945BB100093EAF /* buddy.jpg in Resources */,
				3376CEE01AA34BCC00910D82 /* FriendTableCell.xib in Resources */,
				3365B4FC1A94C7660028325B /* PosterCellCollectionViewCell.xib in Resources */,
				339F9B4C1A95E4B60004A7DB /* DialogCell.xib in Resources */,
				334B52A61A9D588F00562580 /* Form.xib in Resources */,
				33219CCA1AA5684900DE8DFA /* ExperienceTViewCell.xib in Resources */,
				33B77DE51A937689008E70DF /* LaunchScreen.xib in Resources */,
				33467A8D1A94766D00E8749C /* minion.jpg in Resources */,
				3373F0351A9869720082D2B0 /* Main.storyboard in Resources */,
				33B77DE21A937689008E70DF /* Images.xcassets in Resources */,
				331043421A945BB100093EAF /* window.jpg in Resources */,
				337786651A9C0DFA004D0093 /* ActivityOverViewTableViewCell.xib in Resources */,
			);
			runOnlyForDeploymentPostprocessing = 0;
		};
		33B77DE81A937689008E70DF /* Resources */ = {
			isa = PBXResourcesBuildPhase;
			buildActionMask = 2147483647;
			files = (
			);
			runOnlyForDeploymentPostprocessing = 0;
		};
/* End PBXResourcesBuildPhase section */

/* Begin PBXSourcesBuildPhase section */
		33B77DCE1A937689008E70DF /* Sources */ = {
			isa = PBXSourcesBuildPhase;
			buildActionMask = 2147483647;
			files = (
				333AA1871AAAA6CE00DB5648 /* ParentActivityOverviewTVC.swift in Sources */,
				333AA18A1AAAA77900DB5648 /* ActivityOverViewTableViewController.swift in Sources */,
				337786641A9C0DFA004D0093 /* ActivityOverViewTableViewCell.swift in Sources */,
				33B77DDB1A937689008E70DF /* Bridge.xcdatamodeld in Sources */,
				333AA1921AAAA7E600DB5648 /* OrganiztionActivityOverviewTVC.swift in Sources */,
				333AA1981AAAA82A00DB5648 /* Poster.swift in Sources */,
				333AA1881AAAA6CE00DB5648 /* ParentActivityVC.swift in Sources */,
				339F9B501A95E7600004A7DB /* DialogHistoryViewController.swift in Sources */,
				33D5B27B1A9AF3BA00E68CE2 /* CategoryTableViewController.swift in Sources */,
				333AA1711AAAA56E00DB5648 /* Message.swift in Sources */,
				330207821A9B1D2F00B233F3 /* MessageTableViewCell.swift in Sources */,
				3321E0211AA450840057683D /* RecommendationTableVC.swift in Sources */,
				3376CEDF1AA34BCC00910D82 /* FriendTableCell.swift in Sources */,
				333AA1961AAAA80E00DB5648 /* PosterDetailViewController.swift in Sources */,
				333AA1721AAAA56E00DB5648 /* User.swift in Sources */,
				333AA1701AAAA56E00DB5648 /* Dialog.swift in Sources */,
				333AA17A1AAAA5DB00DB5648 /* FriendDetailViewController.swift in Sources */,
				333AA1781AAAA5C200DB5648 /* CreateNewExperienceViewController.swift in Sources */,
				333AA17D1AAAA5F600DB5648 /* Experience.swift in Sources */,
				335B97971A97320900A17DDD /* IBeaconViewController.swift in Sources */,
				333AA1911AAAA7E600DB5648 /* OrganizationActivityViewController.swift in Sources */,
				333AA16E1AAAA56E00DB5648 /* Vector.swift in Sources */,
				3365B4FB1A94C7660028325B /* PosterCellCollectionViewCell.swift in Sources */,
				333AA1811AAAA66100DB5648 /* LogonViewController.swift in Sources */,
				333912871AA0128B00C28ACE /* Thumbnail.swift in Sources */,
				33BBD6171A95A176005F1FB0 /* CameraViewController.swift in Sources */,
				333AA1741AAAA57D00DB5648 /* ActivityViewController.swift in Sources */,
				333AA1951AAAA80E00DB5648 /* PosterCollectionViewController.swift in Sources */,
				33B77DD81A937689008E70DF /* AppDelegate.swift in Sources */,
				3317691A1A9B47FA002EB2F6 /* DialogViewController.swift in Sources */,
				338B1B941AA04CF6008F67A1 /* StartDialogViewController.swift in Sources */,
				33E7FA6C1A99DBFE005B7A5D /* DateTextField.swift in Sources */,
				333AA17E1AAAA5F600DB5648 /* ExperienceTableVC.swift in Sources */,
				333AA18F1AAAA7E600DB5648 /* CreateActivityViewController.swift in Sources */,
				339655CA1AA16ED400C1388C /* ThumbnailForUserCVCell.swift in Sources */,
				339F9B4B1A95E4B60004A7DB /* DialogCell.swift in Sources */,
				3302077B1A9B1CEA00B233F3 /* MessageTableViewController.swift in Sources */,
				33F7AFBE1AA178DC0004CC29 /* DialogCoreSplitVC.swift in Sources */,
				33D5B27E1A9AFD6300E68CE2 /* CategoryTableViewCell.swift in Sources */,
				33219CC91AA5684900DE8DFA /* ExperienceTViewCell.swift in Sources */,
				333AA1761AAAA5B300DB5648 /* FollowerCollectionVC.swift in Sources */,
				333AA19A1AAAA84000DB5648 /* VectorHandler.swift in Sources */,
				333AA16F1AAAA56E00DB5648 /* Activity.swift in Sources */,
				330207871A9B1D6600B233F3 /* MessageCell.swift in Sources */,
				333AA1901AAAA7E600DB5648 /* FriendOverviewTableVC.swift in Sources */,
				330E82E81AA9DA2D00014A8E /* CalenderHandler.swift in Sources */,
			);
			runOnlyForDeploymentPostprocessing = 0;
		};
		33B77DE61A937689008E70DF /* Sources */ = {
			isa = PBXSourcesBuildPhase;
			buildActionMask = 2147483647;
			files = (
				33B77DF11A937689008E70DF /* BridgeTests.swift in Sources */,
			);
			runOnlyForDeploymentPostprocessing = 0;
		};
/* End PBXSourcesBuildPhase section */

/* Begin PBXTargetDependency section */
		33B77DEC1A937689008E70DF /* PBXTargetDependency */ = {
			isa = PBXTargetDependency;
			target = 33B77DD11A937689008E70DF /* Bridge */;
			targetProxy = 33B77DEB1A937689008E70DF /* PBXContainerItemProxy */;
		};
/* End PBXTargetDependency section */

/* Begin PBXVariantGroup section */
		3373F0331A9869720082D2B0 /* Main.storyboard */ = {
			isa = PBXVariantGroup;
			children = (
				3373F0341A9869720082D2B0 /* Base */,
			);
			name = Main.storyboard;
			sourceTree = "<group>";
		};
		33B77DE31A937689008E70DF /* LaunchScreen.xib */ = {
			isa = PBXVariantGroup;
			children = (
				33B77DE41A937689008E70DF /* Base */,
			);
			name = LaunchScreen.xib;
			sourceTree = "<group>";
		};
/* End PBXVariantGroup section */

/* Begin XCBuildConfiguration section */
		33B77DF21A937689008E70DF /* Debug */ = {
			isa = XCBuildConfiguration;
			buildSettings = {
				ALWAYS_SEARCH_USER_PATHS = NO;
				CLANG_CXX_LANGUAGE_STANDARD = "gnu++0x";
				CLANG_CXX_LIBRARY = "libc++";
				CLANG_ENABLE_MODULES = YES;
				CLANG_ENABLE_OBJC_ARC = YES;
				CLANG_WARN_BOOL_CONVERSION = YES;
				CLANG_WARN_CONSTANT_CONVERSION = YES;
				CLANG_WARN_DIRECT_OBJC_ISA_USAGE = YES_ERROR;
				CLANG_WARN_EMPTY_BODY = YES;
				CLANG_WARN_ENUM_CONVERSION = YES;
				CLANG_WARN_INT_CONVERSION = YES;
				CLANG_WARN_OBJC_ROOT_CLASS = YES_ERROR;
				CLANG_WARN_UNREACHABLE_CODE = YES;
				CLANG_WARN__DUPLICATE_METHOD_MATCH = YES;
				CODE_SIGN_IDENTITY = "iPhone Developer: Bill Xu (EADTSJ87EL)";
				"CODE_SIGN_IDENTITY[sdk=iphoneos*]" = "iPhone Developer: Bill Xu (EADTSJ87EL)";
				COPY_PHASE_STRIP = NO;
				ENABLE_STRICT_OBJC_MSGSEND = YES;
				GCC_C_LANGUAGE_STANDARD = gnu99;
				GCC_DYNAMIC_NO_PIC = NO;
				GCC_OPTIMIZATION_LEVEL = 0;
				GCC_PREPROCESSOR_DEFINITIONS = (
					"DEBUG=1",
					"$(inherited)",
				);
				GCC_SYMBOLS_PRIVATE_EXTERN = NO;
				GCC_WARN_64_TO_32_BIT_CONVERSION = YES;
				GCC_WARN_ABOUT_RETURN_TYPE = YES_ERROR;
				GCC_WARN_UNDECLARED_SELECTOR = YES;
				GCC_WARN_UNINITIALIZED_AUTOS = YES_AGGRESSIVE;
				GCC_WARN_UNUSED_FUNCTION = YES;
				GCC_WARN_UNUSED_VARIABLE = YES;
				IPHONEOS_DEPLOYMENT_TARGET = 8.1;
				MTL_ENABLE_DEBUG_INFO = YES;
				ONLY_ACTIVE_ARCH = YES;
				PROVISIONING_PROFILE = "efe626d6-152f-4c09-af84-b6c1f4d6c271";
				SDKROOT = iphoneos;
				SWIFT_OPTIMIZATION_LEVEL = "-Onone";
			};
			name = Debug;
		};
		33B77DF31A937689008E70DF /* Release */ = {
			isa = XCBuildConfiguration;
			buildSettings = {
				ALWAYS_SEARCH_USER_PATHS = NO;
				CLANG_CXX_LANGUAGE_STANDARD = "gnu++0x";
				CLANG_CXX_LIBRARY = "libc++";
				CLANG_ENABLE_MODULES = YES;
				CLANG_ENABLE_OBJC_ARC = YES;
				CLANG_WARN_BOOL_CONVERSION = YES;
				CLANG_WARN_CONSTANT_CONVERSION = YES;
				CLANG_WARN_DIRECT_OBJC_ISA_USAGE = YES_ERROR;
				CLANG_WARN_EMPTY_BODY = YES;
				CLANG_WARN_ENUM_CONVERSION = YES;
				CLANG_WARN_INT_CONVERSION = YES;
				CLANG_WARN_OBJC_ROOT_CLASS = YES_ERROR;
				CLANG_WARN_UNREACHABLE_CODE = YES;
				CLANG_WARN__DUPLICATE_METHOD_MATCH = YES;
				CODE_SIGN_IDENTITY = "iPhone Developer: Bill Xu (EADTSJ87EL)";
				"CODE_SIGN_IDENTITY[sdk=*]" = "iPhone Developer: Bill Xu (EADTSJ87EL)";
				COPY_PHASE_STRIP = YES;
				ENABLE_NS_ASSERTIONS = NO;
				ENABLE_STRICT_OBJC_MSGSEND = YES;
				GCC_C_LANGUAGE_STANDARD = gnu99;
				GCC_WARN_64_TO_32_BIT_CONVERSION = YES;
				GCC_WARN_ABOUT_RETURN_TYPE = YES_ERROR;
				GCC_WARN_UNDECLARED_SELECTOR = YES;
				GCC_WARN_UNINITIALIZED_AUTOS = YES_AGGRESSIVE;
				GCC_WARN_UNUSED_FUNCTION = YES;
				GCC_WARN_UNUSED_VARIABLE = YES;
				IPHONEOS_DEPLOYMENT_TARGET = 8.1;
				MTL_ENABLE_DEBUG_INFO = NO;
				PROVISIONING_PROFILE = "efe626d6-152f-4c09-af84-b6c1f4d6c271";
				SDKROOT = iphoneos;
				VALIDATE_PRODUCT = YES;
			};
			name = Release;
		};
		33B77DF51A937689008E70DF /* Debug */ = {
			isa = XCBuildConfiguration;
			buildSettings = {
				ASSETCATALOG_COMPILER_APPICON_NAME = AppIcon;
				CLANG_ENABLE_MODULES = YES;
				CODE_SIGN_IDENTITY = "iPhone Developer: Bill Xu (EADTSJ87EL)";
				"CODE_SIGN_IDENTITY[sdk=iphoneos*]" = "iPhone Developer: Bill Xu (EADTSJ87EL)";
				FRAMEWORK_SEARCH_PATHS = (
					"$(inherited)",
					"$(PROJECT_DIR)/Bridge",
				);
				INFOPLIST_FILE = Bridge/Info.plist;
				LD_RUNPATH_SEARCH_PATHS = "$(inherited) @executable_path/Frameworks";
				PRODUCT_NAME = "$(TARGET_NAME)";
				PROVISIONING_PROFILE = "efe626d6-152f-4c09-af84-b6c1f4d6c271";
				SWIFT_OBJC_BRIDGING_HEADER = "Bridge/Bridge-Bridging-Header.h";
				SWIFT_OPTIMIZATION_LEVEL = "-Onone";
				TARGETED_DEVICE_FAMILY = "1,2";
			};
			name = Debug;
		};
		33B77DF61A937689008E70DF /* Release */ = {
			isa = XCBuildConfiguration;
			buildSettings = {
				ASSETCATALOG_COMPILER_APPICON_NAME = AppIcon;
				CLANG_ENABLE_MODULES = YES;
				CODE_SIGN_IDENTITY = "iPhone Developer: Bill Xu (EADTSJ87EL)";
				FRAMEWORK_SEARCH_PATHS = (
					"$(inherited)",
					"$(PROJECT_DIR)/Bridge",
				);
				INFOPLIST_FILE = Bridge/Info.plist;
				LD_RUNPATH_SEARCH_PATHS = "$(inherited) @executable_path/Frameworks";
				PRODUCT_NAME = "$(TARGET_NAME)";
				PROVISIONING_PROFILE = "efe626d6-152f-4c09-af84-b6c1f4d6c271";
				SWIFT_OBJC_BRIDGING_HEADER = "Bridge/Bridge-Bridging-Header.h";
				SWIFT_OPTIMIZATION_LEVEL = "-O";
				TARGETED_DEVICE_FAMILY = "1,2";
			};
			name = Release;
		};
		33B77DF81A937689008E70DF /* Debug */ = {
			isa = XCBuildConfiguration;
			buildSettings = {
				BUNDLE_LOADER = "$(TEST_HOST)";
				CODE_SIGN_IDENTITY = "iPhone Developer: Bill Xu (EADTSJ87EL)";
				FRAMEWORK_SEARCH_PATHS = (
					"$(SDKROOT)/Developer/Library/Frameworks",
					"$(inherited)",
				);
				GCC_PREPROCESSOR_DEFINITIONS = (
					"DEBUG=1",
					"$(inherited)",
				);
				INFOPLIST_FILE = BridgeTests/Info.plist;
				LD_RUNPATH_SEARCH_PATHS = "$(inherited) @executable_path/Frameworks @loader_path/Frameworks";
				PRODUCT_NAME = "$(TARGET_NAME)";
				PROVISIONING_PROFILE = "efe626d6-152f-4c09-af84-b6c1f4d6c271";
				TEST_HOST = "$(BUILT_PRODUCTS_DIR)/Bridge.app/Bridge";
			};
			name = Debug;
		};
		33B77DF91A937689008E70DF /* Release */ = {
			isa = XCBuildConfiguration;
			buildSettings = {
				BUNDLE_LOADER = "$(TEST_HOST)";
				CODE_SIGN_IDENTITY = "iPhone Developer: Bill Xu (EADTSJ87EL)";
				FRAMEWORK_SEARCH_PATHS = (
					"$(SDKROOT)/Developer/Library/Frameworks",
					"$(inherited)",
				);
				INFOPLIST_FILE = BridgeTests/Info.plist;
				LD_RUNPATH_SEARCH_PATHS = "$(inherited) @executable_path/Frameworks @loader_path/Frameworks";
				PRODUCT_NAME = "$(TARGET_NAME)";
				PROVISIONING_PROFILE = "efe626d6-152f-4c09-af84-b6c1f4d6c271";
				TEST_HOST = "$(BUILT_PRODUCTS_DIR)/Bridge.app/Bridge";
			};
			name = Release;
		};
/* End XCBuildConfiguration section */

/* Begin XCConfigurationList section */
		33B77DCD1A937689008E70DF /* Build configuration list for PBXProject "Bridge" */ = {
			isa = XCConfigurationList;
			buildConfigurations = (
				33B77DF21A937689008E70DF /* Debug */,
				33B77DF31A937689008E70DF /* Release */,
			);
			defaultConfigurationIsVisible = 0;
			defaultConfigurationName = Release;
		};
		33B77DF41A937689008E70DF /* Build configuration list for PBXNativeTarget "Bridge" */ = {
			isa = XCConfigurationList;
			buildConfigurations = (
				33B77DF51A937689008E70DF /* Debug */,
				33B77DF61A937689008E70DF /* Release */,
			);
			defaultConfigurationIsVisible = 0;
			defaultConfigurationName = Release;
		};
		33B77DF71A937689008E70DF /* Build configuration list for PBXNativeTarget "BridgeTests" */ = {
			isa = XCConfigurationList;
			buildConfigurations = (
				33B77DF81A937689008E70DF /* Debug */,
				33B77DF91A937689008E70DF /* Release */,
			);
			defaultConfigurationIsVisible = 0;
			defaultConfigurationName = Release;
		};
/* End XCConfigurationList section */

/* Begin XCVersionGroup section */
		33B77DD91A937689008E70DF /* Bridge.xcdatamodeld */ = {
			isa = XCVersionGroup;
			children = (
				33B77DDA1A937689008E70DF /* Bridge.xcdatamodel */,
			);
			currentVersion = 33B77DDA1A937689008E70DF /* Bridge.xcdatamodel */;
			path = Bridge.xcdatamodeld;
			sourceTree = "<group>";
			versionGroupType = wrapper.xcdatamodel;
		};
/* End XCVersionGroup section */
	};
	rootObject = 33B77DCA1A937689008E70DF /* Project object */;
}
